
Microsoft Visual Studio Solution File, Format Version 12.00
# Visual Studio Version 17
VisualStudioVersion = 17.14.36414.22
MinimumVisualStudioVersion = 10.0.40219.1
Project("{FAE04EC0-301F-11D3-BF4B-00C04F79EFBC}") = "ConsoleApp", "ConsoleApp\ConsoleApp.csproj", "{D7B02CD9-A042-4FF2-95C1-9789541DB67D}"
EndProject
Project("{FAE04EC0-301F-11D3-BF4B-00C04F79EFBC}") = "Variables", "Variables\Variables.csproj", "{22E25887-CB97-4CA0-8AF4-B115F944E2D8}"
EndProject
Project("{FAE04EC0-301F-11D3-BF4B-00C04F79EFBC}") = "InputOutput", "InputOutput\InputOutput.csproj", "{102D56D9-4CEF-4C6B-85E2-29BE13D9DE46}"
EndProject
Project("{FAE04EC0-301F-11D3-BF4B-00C04F79EFBC}") = "MainApp", "MainApp\MainApp.csproj", "{676019E4-1547-4A9F-9EE6-5F0505985FB4}"
EndProject
Project("{FAE04EC0-301F-11D3-BF4B-00C04F79EFBC}") = "MainAppGit", "MainAppGit\MainAppGit.csproj", "{19EF2018-4B6B-4FB6-897C-5782F69955CD}"
EndProject
Project("{FAE04EC0-301F-11D3-BF4B-00C04F79EFBC}") = "Arrayer_Listor", "Arrayer_Listor\Arrayer_Listor.csproj", "{BFA503FC-FAA8-4AE4-A173-ACAD195B97C8}"
EndProject
Global
	GlobalSection(SolutionConfigurationPlatforms) = preSolution
		Debug|Any CPU = Debug|Any CPU
		Release|Any CPU = Release|Any CPU
	EndGlobalSection
	GlobalSection(ProjectConfigurationPlatforms) = postSolution
		{D7B02CD9-A042-4FF2-95C1-9789541DB67D}.Debug|Any CPU.ActiveCfg = Debug|Any CPU
		{D7B02CD9-A042-4FF2-95C1-9789541DB67D}.Debug|Any CPU.Build.0 = Debug|Any CPU
		{D7B02CD9-A042-4FF2-95C1-9789541DB67D}.Release|Any CPU.ActiveCfg = Release|Any CPU
		{D7B02CD9-A042-4FF2-95C1-9789541DB67D}.Release|Any CPU.Build.0 = Release|Any CPU
		{22E25887-CB97-4CA0-8AF4-B115F944E2D8}.Debug|Any CPU.ActiveCfg = Debug|Any CPU
		{22E25887-CB97-4CA0-8AF4-B115F944E2D8}.Debug|Any CPU.Build.0 = Debug|Any CPU
		{22E25887-CB97-4CA0-8AF4-B115F944E2D8}.Release|Any CPU.ActiveCfg = Release|Any CPU
		{22E25887-CB97-4CA0-8AF4-B115F944E2D8}.Release|Any CPU.Build.0 = Release|Any CPU
		{102D56D9-4CEF-4C6B-85E2-29BE13D9DE46}.Debug|Any CPU.ActiveCfg = Debug|Any CPU
		{102D56D9-4CEF-4C6B-85E2-29BE13D9DE46}.Debug|Any CPU.Build.0 = Debug|Any CPU
		{102D56D9-4CEF-4C6B-85E2-29BE13D9DE46}.Release|Any CPU.ActiveCfg = Release|Any CPU
		{102D56D9-4CEF-4C6B-85E2-29BE13D9DE46}.Release|Any CPU.Build.0 = Release|Any CPU
		{676019E4-1547-4A9F-9EE6-5F0505985FB4}.Debug|Any CPU.ActiveCfg = Debug|Any CPU
		{676019E4-1547-4A9F-9EE6-5F0505985FB4}.Debug|Any CPU.Build.0 = Debug|Any CPU
		{676019E4-1547-4A9F-9EE6-5F0505985FB4}.Release|Any CPU.ActiveCfg = Release|Any CPU
		{676019E4-1547-4A9F-9EE6-5F0505985FB4}.Release|Any CPU.Build.0 = Release|Any CPU
		{19EF2018-4B6B-4FB6-897C-5782F69955CD}.Debug|Any CPU.ActiveCfg = Debug|Any CPU
		{19EF2018-4B6B-4FB6-897C-5782F69955CD}.Debug|Any CPU.Build.0 = Debug|Any CPU
		{19EF2018-4B6B-4FB6-897C-5782F69955CD}.Release|Any CPU.ActiveCfg = Release|Any CPU
		{19EF2018-4B6B-4FB6-897C-5782F69955CD}.Release|Any CPU.Build.0 = Release|Any CPU
		{BFA503FC-FAA8-4AE4-A173-ACAD195B97C8}.Debug|Any CPU.ActiveCfg = Debug|Any CPU
		{BFA503FC-FAA8-4AE4-A173-ACAD195B97C8}.Debug|Any CPU.Build.0 = Debug|Any CPU
		{BFA503FC-FAA8-4AE4-A173-ACAD195B97C8}.Release|Any CPU.ActiveCfg = Release|Any CPU
		{BFA503FC-FAA8-4AE4-A173-ACAD195B97C8}.Release|Any CPU.Build.0 = Release|Any CPU
	EndGlobalSection
	GlobalSection(SolutionProperties) = preSolution
		HideSolutionNode = FALSE
	EndGlobalSection
	GlobalSection(ExtensibilityGlobals) = postSolution
		SolutionGuid = {2ECD3484-509D-43BB-BEDE-2B6CAE8EC1EC}
	EndGlobalSection
EndGlobal
